Microsoft Visual Studio Solution File, Format Version 12.00
# Visual Studio Version 17
VisualStudioVersion = 17.5.2.0
MinimumVisualStudioVersion = 10.0.40219.1
Project("{FAE04EC0-301F-11D3-BF4B-00C04F79EFBC}") = "WarehouseManagementSystem", "WarehouseManagementSystem.Api\WarehouseManagementSystem.csproj", "{F1D29A43-0C85-4351-1693-533A722D71C3}"
EndProject
Global
	GlobalSection(SolutionConfigurationPlatforms) = preSolution
		Debug|Any CPU = Debug|Any CPU
		Release|Any CPU = Release|Any CPU
	EndGlobalSection
	GlobalSection(ProjectConfigurationPlatforms) = postSolution
		{F1D29A43-0C85-4351-1693-533A722D71C3}.Debug|Any CPU.ActiveCfg = Debug|Any CPU
		{F1D29A43-0C85-4351-1693-533A722D71C3}.Debug|Any CPU.Build.0 = Debug|Any CPU
		{F1D29A43-0C85-4351-1693-533A722D71C3}.Release|Any CPU.ActiveCfg = Release|Any CPU
		{F1D29A43-0C85-4351-1693-533A722D71C3}.Release|Any CPU.Build.0 = Release|Any CPU
	EndGlobalSection
	GlobalSection(SolutionProperties) = preSolution
		HideSolutionNode = FALSE
	EndGlobalSection
	GlobalSection(ExtensibilityGlobals) = postSolution
		SolutionGuid = {822385E7-CB2C-49B3-B461-35C4E98B4F28}
	EndGlobalSection
EndGlobal
